
Microsoft Visual Studio Solution File, Format Version 12.00
# Visual Studio 2012
Project("{FAE04EC0-301F-11D3-BF4B-00C04F79EFBC}") = "ScopeSearch", "ScopeSearch\ScopeSearch.csproj", "{2F9AC57D-B1EB-4476-A073-BE3C12EE1829}"
EndProject
Project("{2150E333-8FDC-42A3-9474-1A3956D46DE8}") = "Solution Items", "Solution Items", "{5712712F-F248-416E-84F6-C6F3A6D06954}"
EndProject
Global
	GlobalSection(SolutionConfigurationPlatforms) = preSolution
		Debug|Any CPU = Debug|Any CPU
		Release|Any CPU = Release|Any CPU
	EndGlobalSection
	GlobalSection(ProjectConfigurationPlatforms) = postSolution
		{2F9AC57D-B1EB-4476-A073-BE3C12EE1829}.Debug|Any CPU.ActiveCfg = Debug|Any CPU
		{2F9AC57D-B1EB-4476-A073-BE3C12EE1829}.Debug|Any CPU.Build.0 = Debug|Any CPU
		{2F9AC57D-B1EB-4476-A073-BE3C12EE1829}.Release|Any CPU.ActiveCfg = Release|Any CPU
		{2F9AC57D-B1EB-4476-A073-BE3C12EE1829}.Release|Any CPU.Build.0 = Release|Any CPU
	EndGlobalSection
	GlobalSection(SolutionProperties) = preSolution
		HideSolutionNode = FALSE
	EndGlobalSection
EndGlobal
